
Microsoft Visual Studio Solution File, Format Version 12.00
# Visual Studio Version 16
VisualStudioVersion = 16.0.30709.132
MinimumVisualStudioVersion = 10.0.40219.1
Project("{2150E333-8FDC-42A3-9474-1A3956D46DE8}") = "Services", "Services", "{46CE3DF7-9779-44E8-BB6E-77C1DA3779D5}"
EndProject
Project("{2150E333-8FDC-42A3-9474-1A3956D46DE8}") = "Catalog", "Catalog", "{8B93F4F8-A5B0-469F-A5B8-EF5788714CC6}"
EndProject
Project("{9A19103F-16F7-4668-BE54-9A1E7A4F7556}") = "Catalog.API", "Services\Catalog\Catalog.API\Catalog.API.csproj", "{C076590B-7C17-4621-8F84-0C7492F10351}"
EndProject
Project("{E53339B2-1760-4266-BCC7-CA923CBCF16C}") = "docker-compose", "docker-compose.dcproj", "{7EC6FA44-D20C-4BCD-BE02-D071024D9F37}"
EndProject
Project("{2150E333-8FDC-42A3-9474-1A3956D46DE8}") = "Basket", "Basket", "{FDA6A9E9-48B2-4951-9762-6E79335D384E}"
EndProject
Project("{9A19103F-16F7-4668-BE54-9A1E7A4F7556}") = "Basket.API", "Services\Basket\Basket.API\Basket.API.csproj", "{67CE479D-EC31-44D5-900F-672D28300FE1}"
EndProject
Project("{2150E333-8FDC-42A3-9474-1A3956D46DE8}") = "Discount", "Discount", "{33052FAF-962C-4A75-8031-9DD0DA3421FD}"
EndProject
Project("{9A19103F-16F7-4668-BE54-9A1E7A4F7556}") = "Discount.API", "Services\Discount\Discount.API\Discount.API.csproj", "{D0C4DBAB-BE9A-4CB4-96BB-E5C879062913}"
EndProject
Project("{9A19103F-16F7-4668-BE54-9A1E7A4F7556}") = "Discount.Grpc", "Services\Discount\Discount.Grpc\Discount.Grpc.csproj", "{41A274C8-B402-4128-A46A-D1DD9CB90694}"
EndProject
Project("{2150E333-8FDC-42A3-9474-1A3956D46DE8}") = "Ordering", "Ordering", "{63BA4973-05CF-4856-897D-AF33FFA505BD}"
EndProject
Project("{9A19103F-16F7-4668-BE54-9A1E7A4F7556}") = "Ordering.API", "Services\Ordering\Ordering.API\Ordering.API.csproj", "{05EC4FA7-0029-4305-BF07-A64E1AB2AE2B}"
EndProject
Project("{9A19103F-16F7-4668-BE54-9A1E7A4F7556}") = "Ordering.Domain", "Services\Ordering\Ordering.Domain\Ordering.Domain.csproj", "{4B059579-1F11-4A75-87B1-9B98D06D8B19}"
EndProject
Project("{9A19103F-16F7-4668-BE54-9A1E7A4F7556}") = "Ordering.Application", "Services\Ordering\Ordering.Application\Ordering.Application.csproj", "{22B4B675-20FE-4D55-A5C3-146964077E8D}"
EndProject
Project("{9A19103F-16F7-4668-BE54-9A1E7A4F7556}") = "Ordering.Infrastructure", "Services\Ordering\Ordering.Infrastructure\Ordering.Infrastructure.csproj", "{ACA72286-47A4-4180-8CA8-2A5E1ADF9E39}"
EndProject
Project("{2150E333-8FDC-42A3-9474-1A3956D46DE8}") = "BuildingBlocks", "BuildingBlocks", "{A31F8A6B-C36E-4F7C-9BFB-472E59ED4271}"
EndProject
Project("{9A19103F-16F7-4668-BE54-9A1E7A4F7556}") = "EventBus.Messages", "BuildingBlocks\EventBus.Messages\EventBus.Messages.csproj", "{11E2035B-13BE-4C3D-8BF8-B2661770891B}"
EndProject
Project("{2150E333-8FDC-42A3-9474-1A3956D46DE8}") = "ApiGateways", "ApiGateways", "{2F3826B7-2C37-44D7-BAF1-C8FDAA3AEB65}"
EndProject
Project("{9A19103F-16F7-4668-BE54-9A1E7A4F7556}") = "OcelotApiGw", "ApiGateways\OcelotApiGw\OcelotApiGw.csproj", "{4086D1C4-7831-4FAD-B4DC-FEF7AD9A4825}"
EndProject
Project("{FAE04EC0-301F-11D3-BF4B-00C04F79EFBC}") = "Shopping.Aggregator", "ApiGateways\Shopping.Aggregator\Shopping.Aggregator.csproj", "{C5908268-4917-457A-8731-95E487B33A3E}"
EndProject
Project("{2150E333-8FDC-42A3-9474-1A3956D46DE8}") = "WebApps", "WebApps", "{905FD13F-3ECB-4A09-8DA4-9AF6F73C0EA5}"
EndProject
Project("{9A19103F-16F7-4668-BE54-9A1E7A4F7556}") = "AspnetRunBasics", "WebApps\AspnetRunBasics\AspnetRunBasics.csproj", "{E4D78BF2-8C63-4369-A077-D532D0DEB08D}"
EndProject
Project("{9A19103F-16F7-4668-BE54-9A1E7A4F7556}") = "Common.Logging", "BuildingBlocks\Common.Logging\Common.Logging.csproj", "{02936BCF-715C-402A-9AF5-9F1739304046}"
EndProject
Global
	GlobalSection(SolutionConfigurationPlatforms) = preSolution
		Debug|Any CPU = Debug|Any CPU
		Release|Any CPU = Release|Any CPU
	EndGlobalSection
	GlobalSection(ProjectConfigurationPlatforms) = postSolution
		{C076590B-7C17-4621-8F84-0C7492F10351}.Debug|Any CPU.ActiveCfg = Debug|Any CPU
		{C076590B-7C17-4621-8F84-0C7492F10351}.Debug|Any CPU.Build.0 = Debug|Any CPU
		{C076590B-7C17-4621-8F84-0C7492F10351}.Release|Any CPU.ActiveCfg = Release|Any CPU
		{C076590B-7C17-4621-8F84-0C7492F10351}.Release|Any CPU.Build.0 = Release|Any CPU
		{7EC6FA44-D20C-4BCD-BE02-D071024D9F37}.Debug|Any CPU.ActiveCfg = Debug|Any CPU
		{7EC6FA44-D20C-4BCD-BE02-D071024D9F37}.Debug|Any CPU.Build.0 = Debug|Any CPU
		{7EC6FA44-D20C-4BCD-BE02-D071024D9F37}.Release|Any CPU.ActiveCfg = Release|Any CPU
		{7EC6FA44-D20C-4BCD-BE02-D071024D9F37}.Release|Any CPU.Build.0 = Release|Any CPU
		{67CE479D-EC31-44D5-900F-672D28300FE1}.Debug|Any CPU.ActiveCfg = Debug|Any CPU
		{67CE479D-EC31-44D5-900F-672D28300FE1}.Debug|Any CPU.Build.0 = Debug|Any CPU
		{67CE479D-EC31-44D5-900F-672D28300FE1}.Release|Any CPU.ActiveCfg = Release|Any CPU
		{67CE479D-EC31-44D5-900F-672D28300FE1}.Release|Any CPU.Build.0 = Release|Any CPU
		{D0C4DBAB-BE9A-4CB4-96BB-E5C879062913}.Debug|Any CPU.ActiveCfg = Debug|Any CPU
		{D0C4DBAB-BE9A-4CB4-96BB-E5C879062913}.Debug|Any CPU.Build.0 = Debug|Any CPU
		{D0C4DBAB-BE9A-4CB4-96BB-E5C879062913}.Release|Any CPU.ActiveCfg = Release|Any CPU
		{D0C4DBAB-BE9A-4CB4-96BB-E5C879062913}.Release|Any CPU.Build.0 = Release|Any CPU
		{41A274C8-B402-4128-A46A-D1DD9CB90694}.Debug|Any CPU.ActiveCfg = Debug|Any CPU
		{41A274C8-B402-4128-A46A-D1DD9CB90694}.Debug|Any CPU.Build.0 = Debug|Any CPU
		{41A274C8-B402-4128-A46A-D1DD9CB90694}.Release|Any CPU.ActiveCfg = Release|Any CPU
		{41A274C8-B402-4128-A46A-D1DD9CB90694}.Release|Any CPU.Build.0 = Release|Any CPU
		{05EC4FA7-0029-4305-BF07-A64E1AB2AE2B}.Debug|Any CPU.ActiveCfg = Debug|Any CPU
		{05EC4FA7-0029-4305-BF07-A64E1AB2AE2B}.Debug|Any CPU.Build.0 = Debug|Any CPU
		{05EC4FA7-0029-4305-BF07-A64E1AB2AE2B}.Release|Any CPU.ActiveCfg = Release|Any CPU
		{05EC4FA7-0029-4305-BF07-A64E1AB2AE2B}.Release|Any CPU.Build.0 = Release|Any CPU
		{4B059579-1F11-4A75-87B1-9B98D06D8B19}.Debug|Any CPU.ActiveCfg = Debug|Any CPU
		{4B059579-1F11-4A75-87B1-9B98D06D8B19}.Debug|Any CPU.Build.0 = Debug|Any CPU
		{4B059579-1F11-4A75-87B1-9B98D06D8B19}.Release|Any CPU.ActiveCfg = Release|Any CPU
		{4B059579-1F11-4A75-87B1-9B98D06D8B19}.Release|Any CPU.Build.0 = Release|Any CPU
		{22B4B675-20FE-4D55-A5C3-146964077E8D}.Debug|Any CPU.ActiveCfg = Debug|Any CPU
		{22B4B675-20FE-4D55-A5C3-146964077E8D}.Debug|Any CPU.Build.0 = Debug|Any CPU
		{22B4B675-20FE-4D55-A5C3-146964077E8D}.Release|Any CPU.ActiveCfg = Release|Any CPU
		{22B4B675-20FE-4D55-A5C3-146964077E8D}.Release|Any CPU.Build.0 = Release|Any CPU
		{ACA72286-47A4-4180-8CA8-2A5E1ADF9E39}.Debug|Any CPU.ActiveCfg = Debug|Any CPU
		{ACA72286-47A4-4180-8CA8-2A5E1ADF9E39}.Debug|Any CPU.Build.0 = Debug|Any CPU
		{ACA72286-47A4-4180-8CA8-2A5E1ADF9E39}.Release|Any CPU.ActiveCfg = Release|Any CPU
		{ACA72286-47A4-4180-8CA8-2A5E1ADF9E39}.Release|Any CPU.Build.0 = Release|Any CPU
		{11E2035B-13BE-4C3D-8BF8-B2661770891B}.Debug|Any CPU.ActiveCfg = Debug|Any CPU
		{11E2035B-13BE-4C3D-8BF8-B2661770891B}.Debug|Any CPU.Build.0 = Debug|Any CPU
		{11E2035B-13BE-4C3D-8BF8-B2661770891B}.Release|Any CPU.ActiveCfg = Release|Any CPU
		{11E2035B-13BE-4C3D-8BF8-B2661770891B}.Release|Any CPU.Build.0 = Release|Any CPU
		{4086D1C4-7831-4FAD-B4DC-FEF7AD9A4825}.Debug|Any CPU.ActiveCfg = Debug|Any CPU
		{4086D1C4-7831-4FAD-B4DC-FEF7AD9A4825}.Debug|Any CPU.Build.0 = Debug|Any CPU
		{4086D1C4-7831-4FAD-B4DC-FEF7AD9A4825}.Release|Any CPU.ActiveCfg = Release|Any CPU
		{4086D1C4-7831-4FAD-B4DC-FEF7AD9A4825}.Release|Any CPU.Build.0 = Release|Any CPU
		{C5908268-4917-457A-8731-95E487B33A3E}.Debug|Any CPU.ActiveCfg = Debug|Any CPU
		{C5908268-4917-457A-8731-95E487B33A3E}.Debug|Any CPU.Build.0 = Debug|Any CPU
		{C5908268-4917-457A-8731-95E487B33A3E}.Release|Any CPU.ActiveCfg = Release|Any CPU
		{C5908268-4917-457A-8731-95E487B33A3E}.Release|Any CPU.Build.0 = Release|Any CPU
		{E4D78BF2-8C63-4369-A077-D532D0DEB08D}.Debug|Any CPU.ActiveCfg = Debug|Any CPU
		{E4D78BF2-8C63-4369-A077-D532D0DEB08D}.Debug|Any CPU.Build.0 = Debug|Any CPU
		{E4D78BF2-8C63-4369-A077-D532D0DEB08D}.Release|Any CPU.ActiveCfg = Release|Any CPU
		{E4D78BF2-8C63-4369-A077-D532D0DEB08D}.Release|Any CPU.Build.0 = Release|Any CPU
		{02936BCF-715C-402A-9AF5-9F1739304046}.Debug|Any CPU.ActiveCfg = Debug|Any CPU
		{02936BCF-715C-402A-9AF5-9F1739304046}.Debug|Any CPU.Build.0 = Debug|Any CPU
		{02936BCF-715C-402A-9AF5-9F1739304046}.Release|Any CPU.ActiveCfg = Release|Any CPU
		{02936BCF-715C-402A-9AF5-9F1739304046}.Release|Any CPU.Build.0 = Release|Any CPU
	EndGlobalSection
	GlobalSection(SolutionProperties) = preSolution
		HideSolutionNode = FALSE
	EndGlobalSection
	GlobalSection(NestedProjects) = preSolution
		{8B93F4F8-A5B0-469F-A5B8-EF5788714CC6} = {46CE3DF7-9779-44E8-BB6E-77C1DA3779D5}
		{C076590B-7C17-4621-8F84-0C7492F10351} = {8B93F4F8-A5B0-469F-A5B8-EF5788714CC6}
		{FDA6A9E9-48B2-4951-9762-6E79335D384E} = {46CE3DF7-9779-44E8-BB6E-77C1DA3779D5}
		{67CE479D-EC31-44D5-900F-672D28300FE1} = {FDA6A9E9-48B2-4951-9762-6E79335D384E}
		{33052FAF-962C-4A75-8031-9DD0DA3421FD} = {46CE3DF7-9779-44E8-BB6E-77C1DA3779D5}
		{D0C4DBAB-BE9A-4CB4-96BB-E5C879062913} = {33052FAF-962C-4A75-8031-9DD0DA3421FD}
		{41A274C8-B402-4128-A46A-D1DD9CB90694} = {33052FAF-962C-4A75-8031-9DD0DA3421FD}
		{63BA4973-05CF-4856-897D-AF33FFA505BD} = {46CE3DF7-9779-44E8-BB6E-77C1DA3779D5}
		{05EC4FA7-0029-4305-BF07-A64E1AB2AE2B} = {63BA4973-05CF-4856-897D-AF33FFA505BD}
		{4B059579-1F11-4A75-87B1-9B98D06D8B19} = {63BA4973-05CF-4856-897D-AF33FFA505BD}
		{22B4B675-20FE-4D55-A5C3-146964077E8D} = {63BA4973-05CF-4856-897D-AF33FFA505BD}
		{ACA72286-47A4-4180-8CA8-2A5E1ADF9E39} = {63BA4973-05CF-4856-897D-AF33FFA505BD}
		{11E2035B-13BE-4C3D-8BF8-B2661770891B} = {A31F8A6B-C36E-4F7C-9BFB-472E59ED4271}
		{4086D1C4-7831-4FAD-B4DC-FEF7AD9A4825} = {2F3826B7-2C37-44D7-BAF1-C8FDAA3AEB65}
		{C5908268-4917-457A-8731-95E487B33A3E} = {2F3826B7-2C37-44D7-BAF1-C8FDAA3AEB65}
		{E4D78BF2-8C63-4369-A077-D532D0DEB08D} = {905FD13F-3ECB-4A09-8DA4-9AF6F73C0EA5}
		{02936BCF-715C-402A-9AF5-9F1739304046} = {A31F8A6B-C36E-4F7C-9BFB-472E59ED4271}
	EndGlobalSection
	GlobalSection(ExtensibilityGlobals) = postSolution
		SolutionGuid = {0E4339A1-4F79-4BF0-B909-D77D62FE9E40}
	EndGlobalSection
EndGlobal
